PODS:
  - Expecta (0.3.2)
  - SPLFormular (0.1.0):
    - SPLTableViewBehavior (~> 0.6.0)
  - SPLTableViewBehavior (0.6.0)

DEPENDENCIES:
  - Expecta
  - SPLFormular (from `.`)

EXTERNAL SOURCES:
  SPLFormular:
    :path: .

SPEC CHECKSUMS:
  Expecta: ee641011fe10aa1855d487b40e4976dac50ec342
  SPLFormular: bbb86630b9d4f25985a3fb518561355fa800675d
  SPLTableViewBehavior: 734cfeb89867812fb7a73449b0d494421cf2deeb

COCOAPODS: 0.36.0
