PODS:
  - Expecta (1.0.0)
  - SLCoreDataStack (0.8.9)
  - SPLFormular (0.8.7):
    - SPLTableViewBehavior (~> 0.8.3)
  - SPLTableViewBehavior (0.8.11)

DEPENDENCIES:
  - Expecta
  - SLCoreDataStack (~> 0.8.0)
  - SPLFormular (from `.`)

EXTERNAL SOURCES:
  SPLFormular:
    :path: "."

SPEC CHECKSUMS:
  Expecta: 32604574add2c46a36f8d2f716b6c5736eb75024
  SLCoreDataStack: b911897db2e0c4f371c5c1a038990a9da49f284e
  SPLFormular: f6ea6a947c9a88ff5b3163b7c5f1e8a3b01fd949
  SPLTableViewBehavior: 02bcc6bdc7fae6feff03960596c06dcf08406eed

COCOAPODS: 0.37.2
